// !$*UTF8*$!
{
	archiveVersion = 1;
	classes = {
	};
	objectVersion = 55;
	objects = {

/* Begin PBXBuildFile section */
		14714C9643D9D886B4D54EB4 /* Pods_WebAuthn.framework in Frameworks */ = {isa = PBXBuildFile; fileRef = A632D28360864B20C5F819B7 /* Pods_WebAuthn.framework */; };
		BA3835662A84B282003F0FBB /* RegisterAccountViewController.swift in Sources */ = {isa = PBXBuildFile; fileRef = BA3835652A84B282003F0FBB /* RegisterAccountViewController.swift */; };
		BA3835862A84B443003F0FBB /* TRGradientProgressView.swift in Sources */ = {isa = PBXBuildFile; fileRef = BA38356D2A84B443003F0FBB /* TRGradientProgressView.swift */; };
		BA3835872A84B443003F0FBB /* BaseCollectionView.swift in Sources */ = {isa = PBXBuildFile; fileRef = BA38356F2A84B443003F0FBB /* BaseCollectionView.swift */; };
		BA3835882A84B443003F0FBB /* BaseViewController.swift in Sources */ = {isa = PBXBuildFile; fileRef = BA3835702A84B443003F0FBB /* BaseViewController.swift */; };
		BA3835892A84B443003F0FBB /* NormalTableView.swift in Sources */ = {isa = PBXBuildFile; fileRef = BA3835712A84B443003F0FBB /* NormalTableView.swift */; };
		BA38358A2A84B443003F0FBB /* BaseTableViewCell.swift in Sources */ = {isa = PBXBuildFile; fileRef = BA3835722A84B443003F0FBB /* BaseTableViewCell.swift */; };
		BA38358B2A84B443003F0FBB /* BaseTableViewController.swift in Sources */ = {isa = PBXBuildFile; fileRef = BA3835732A84B443003F0FBB /* BaseTableViewController.swift */; };
		BA38358C2A84B443003F0FBB /* BaseCollectionViewCell.swift in Sources */ = {isa = PBXBuildFile; fileRef = BA3835742A84B443003F0FBB /* BaseCollectionViewCell.swift */; };
		BA38358D2A84B443003F0FBB /* DisposeTag.swift in Sources */ = {isa = PBXBuildFile; fileRef = BA3835752A84B443003F0FBB /* DisposeTag.swift */; };
		BA38358E2A84B443003F0FBB /* Extension.swift in Sources */ = {isa = PBXBuildFile; fileRef = BA3835762A84B443003F0FBB /* Extension.swift */; };
		BA38358F2A84B443003F0FBB /* PaddingLabel.swift in Sources */ = {isa = PBXBuildFile; fileRef = BA3835772A84B443003F0FBB /* PaddingLabel.swift */; };
		BA3835902A84B443003F0FBB /* GGNavigationBar.swift in Sources */ = {isa = PBXBuildFile; fileRef = BA3835782A84B443003F0FBB /* GGNavigationBar.swift */; };
		BA3835912A84B443003F0FBB /* Debounce.swift in Sources */ = {isa = PBXBuildFile; fileRef = BA3835792A84B443003F0FBB /* Debounce.swift */; };
		BA3835922A84B443003F0FBB /* Define.swift in Sources */ = {isa = PBXBuildFile; fileRef = BA38357A2A84B443003F0FBB /* Define.swift */; };
		BA3835932A84B443003F0FBB /* Async.swift in Sources */ = {isa = PBXBuildFile; fileRef = BA38357B2A84B443003F0FBB /* Async.swift */; };
		BA3835942A84B443003F0FBB /* BaseTableView.swift in Sources */ = {isa = PBXBuildFile; fileRef = BA38357C2A84B443003F0FBB /* BaseTableView.swift */; };
		BA3835962A84B443003F0FBB /* Style.swift in Sources */ = {isa = PBXBuildFile; fileRef = BA38357E2A84B443003F0FBB /* Style.swift */; };
		BA3835982A84B443003F0FBB /* EventBus.swift in Sources */ = {isa = PBXBuildFile; fileRef = BA3835802A84B443003F0FBB /* EventBus.swift */; };
		BA3835992A84B443003F0FBB /* BaseView.swift in Sources */ = {isa = PBXBuildFile; fileRef = BA3835812A84B443003F0FBB /* BaseView.swift */; };
		BA38359A2A84B443003F0FBB /* ImageTextView.swift in Sources */ = {isa = PBXBuildFile; fileRef = BA3835822A84B443003F0FBB /* ImageTextView.swift */; };
		BA3835B12A84BC6E003F0FBB /* TRGeneralDefine.swift in Sources */ = {isa = PBXBuildFile; fileRef = BA38359C2A84BC6E003F0FBB /* TRGeneralDefine.swift */; };
		BA3835B22A84BC6E003F0FBB /* UIDevice+Info.swift in Sources */ = {isa = PBXBuildFile; fileRef = BA38359D2A84BC6E003F0FBB /* UIDevice+Info.swift */; };
		BA3835B32A84BC6E003F0FBB /* UserDefault.swift in Sources */ = {isa = PBXBuildFile; fileRef = BA38359E2A84BC6E003F0FBB /* UserDefault.swift */; };
		BA3835B42A84BC6E003F0FBB /* UITableViewCell+Ext.swift in Sources */ = {isa = PBXBuildFile; fileRef = BA38359F2A84BC6E003F0FBB /* UITableViewCell+Ext.swift */; };
		BA3835B52A84BC6E003F0FBB /* Corner.swift in Sources */ = {isa = PBXBuildFile; fileRef = BA3835A02A84BC6E003F0FBB /* Corner.swift */; };
		BA3835B62A84BC6E003F0FBB /* TRThirdAccount.swift in Sources */ = {isa = PBXBuildFile; fileRef = BA3835A12A84BC6E003F0FBB /* TRThirdAccount.swift */; };
		BA3835B72A84BC6E003F0FBB /* ThirdSDK.swift in Sources */ = {isa = PBXBuildFile; fileRef = BA3835A22A84BC6E003F0FBB /* ThirdSDK.swift */; };
		BA3835B82A84BC6E003F0FBB /* UIView+Extension.swift in Sources */ = {isa = PBXBuildFile; fileRef = BA3835A32A84BC6E003F0FBB /* UIView+Extension.swift */; };
		BA3835B92A84BC6E003F0FBB /* Common.swift in Sources */ = {isa = PBXBuildFile; fileRef = BA3835A42A84BC6E003F0FBB /* Common.swift */; };
		BA3835BA2A84BC6E003F0FBB /* String+Extension.swift in Sources */ = {isa = PBXBuildFile; fileRef = BA3835A52A84BC6E003F0FBB /* String+Extension.swift */; };
		BA3835BC2A84BC6E003F0FBB /* TRAlert.swift in Sources */ = {isa = PBXBuildFile; fileRef = BA3835A82A84BC6E003F0FBB /* TRAlert.swift */; };
		BA3835BD2A84BC6E003F0FBB /* TRPhotoUtils.swift in Sources */ = {isa = PBXBuildFile; fileRef = BA3835A92A84BC6E003F0FBB /* TRPhotoUtils.swift */; };
		BA3835BE2A84BC6E003F0FBB /* TRToast.swift in Sources */ = {isa = PBXBuildFile; fileRef = BA3835AA2A84BC6E003F0FBB /* TRToast.swift */; };
		BA3835BF2A84BC6E003F0FBB /* Button+Extension.swift in Sources */ = {isa = PBXBuildFile; fileRef = BA3835AB2A84BC6E003F0FBB /* Button+Extension.swift */; };
		BA3835C02A84BC6E003F0FBB /* TipsView.swift in Sources */ = {isa = PBXBuildFile; fileRef = BA3835AC2A84BC6E003F0FBB /* TipsView.swift */; };
		BA3835C12A84BC6E003F0FBB /* ConstraintArrayDSL.swift in Sources */ = {isa = PBXBuildFile; fileRef = BA3835AD2A84BC6E003F0FBB /* ConstraintArrayDSL.swift */; };
		BA3835C22A84BC6E003F0FBB /* StringUtil.swift in Sources */ = {isa = PBXBuildFile; fileRef = BA3835AE2A84BC6E003F0FBB /* StringUtil.swift */; };
		BA3835C32A84BC6E003F0FBB /* Collection+Extensions.swift in Sources */ = {isa = PBXBuildFile; fileRef = BA3835AF2A84BC6E003F0FBB /* Collection+Extensions.swift */; };
		BA3835C42A84BC6E003F0FBB /* TRUIDefine.swift in Sources */ = {isa = PBXBuildFile; fileRef = BA3835B02A84BC6E003F0FBB /* TRUIDefine.swift */; };
		BA3835C62A84D2F1003F0FBB /* AccountViewController.swift in Sources */ = {isa = PBXBuildFile; fileRef = BA3835C52A84D2F1003F0FBB /* AccountViewController.swift */; };
		BA3835C82A84D5B4003F0FBB /* AddWalletViewController.swift in Sources */ = {isa = PBXBuildFile; fileRef = BA3835C72A84D5B4003F0FBB /* AddWalletViewController.swift */; };
		BA3951632A77CAC3008B7EF9 /* AppDelegate.swift in Sources */ = {isa = PBXBuildFile; fileRef = BA3951622A77CAC3008B7EF9 /* AppDelegate.swift */; };
		BA3951672A77CAC3008B7EF9 /* ViewController.swift in Sources */ = {isa = PBXBuildFile; fileRef = BA3951662A77CAC3008B7EF9 /* ViewController.swift */; };
		BA39516A2A77CAC3008B7EF9 /* Main.storyboard in Resources */ = {isa = PBXBuildFile; fileRef = BA3951682A77CAC3008B7EF9 /* Main.storyboard */; };
		BA39516C2A77CAC3008B7EF9 /* Assets.xcassets in Resources */ = {isa = PBXBuildFile; fileRef = BA39516B2A77CAC3008B7EF9 /* Assets.xcassets */; };
		BA39516F2A77CAC3008B7EF9 /* LaunchScreen.storyboard in Resources */ = {isa = PBXBuildFile; fileRef = BA39516D2A77CAC3008B7EF9 /* LaunchScreen.storyboard */; };
		BA3951772A77CC25008B7EF9 /* DfnsManager.swift in Sources */ = {isa = PBXBuildFile; fileRef = BA3951762A77CC25008B7EF9 /* DfnsManager.swift */; };
		BA91B77A2A7A389F0037F56F /* dfns.json in Resources */ = {isa = PBXBuildFile; fileRef = BA91B7792A7A389F0037F56F /* dfns.json */; };
		BAE6B4172A7A75E600FE6A35 /* Crypto in Frameworks */ = {isa = PBXBuildFile; productRef = BAE6B4162A7A75E600FE6A35 /* Crypto */; };
		BAE6B4202A7F8D0B00FE6A35 /* Model.swift in Sources */ = {isa = PBXBuildFile; fileRef = BAE6B41F2A7F8D0B00FE6A35 /* Model.swift */; };
/* End PBXBuildFile section */

/* Begin PBXFileReference section */
		8D181A3E5E7805961CDE9349 /* Pods-WebAuthn.release.xcconfig */ = {isa = PBXFileReference; includeInIndex = 1; lastKnownFileType = text.xcconfig; name = "Pods-WebAuthn.release.xcconfig"; path = "Target Support Files/Pods-WebAuthn/Pods-WebAuthn.release.xcconfig"; sourceTree = "<group>"; };
		A632D28360864B20C5F819B7 /* Pods_WebAuthn.framework */ = {isa = PBXFileReference; explicitFileType = wrapper.framework; includeInIndex = 0; path = Pods_WebAuthn.framework; sourceTree = BUILT_PRODUCTS_DIR; };
		BA3835652A84B282003F0FBB /* RegisterAccountViewController.swift */ = {isa = PBXFileReference; lastKnownFileType = sourcecode.swift; path = RegisterAccountViewController.swift; sourceTree = "<group>"; };
		BA38356D2A84B443003F0FBB /* TRGradientProgressView.swift */ = {isa = PBXFileReference; fileEncoding = 4; lastKnownFileType = sourcecode.swift; path = TRGradientProgressView.swift; sourceTree = "<group>"; };
		BA38356F2A84B443003F0FBB /* BaseCollectionView.swift */ = {isa = PBXFileReference; fileEncoding = 4; lastKnownFileType = sourcecode.swift; path = BaseCollectionView.swift; sourceTree = "<group>"; };
		BA3835702A84B443003F0FBB /* BaseViewController.swift */ = {isa = PBXFileReference; fileEncoding = 4; lastKnownFileType = sourcecode.swift; path = BaseViewController.swift; sourceTree = "<group>"; };
		BA3835712A84B443003F0FBB /* NormalTableView.swift */ = {isa = PBXFileReference; fileEncoding = 4; lastKnownFileType = sourcecode.swift; path = NormalTableView.swift; sourceTree = "<group>"; };
		BA3835722A84B443003F0FBB /* BaseTableViewCell.swift */ = {isa = PBXFileReference; fileEncoding = 4; lastKnownFileType = sourcecode.swift; path = BaseTableViewCell.swift; sourceTree = "<group>"; };
		BA3835732A84B443003F0FBB /* BaseTableViewController.swift */ = {isa = PBXFileReference; fileEncoding = 4; lastKnownFileType = sourcecode.swift; path = BaseTableViewController.swift; sourceTree = "<group>"; };
		BA3835742A84B443003F0FBB /* BaseCollectionViewCell.swift */ = {isa = PBXFileReference; fileEncoding = 4; lastKnownFileType = sourcecode.swift; path = BaseCollectionViewCell.swift; sourceTree = "<group>"; };
		BA3835752A84B443003F0FBB /* DisposeTag.swift */ = {isa = PBXFileReference; fileEncoding = 4; lastKnownFileType = sourcecode.swift; path = DisposeTag.swift; sourceTree = "<group>"; };
		BA3835762A84B443003F0FBB /* Extension.swift */ = {isa = PBXFileReference; fileEncoding = 4; lastKnownFileType = sourcecode.swift; path = Extension.swift; sourceTree = "<group>"; };
		BA3835772A84B443003F0FBB /* PaddingLabel.swift */ = {isa = PBXFileReference; fileEncoding = 4; lastKnownFileType = sourcecode.swift; path = PaddingLabel.swift; sourceTree = "<group>"; };
		BA3835782A84B443003F0FBB /* GGNavigationBar.swift */ = {isa = PBXFileReference; fileEncoding = 4; lastKnownFileType = sourcecode.swift; path = GGNavigationBar.swift; sourceTree = "<group>"; };
		BA3835792A84B443003F0FBB /* Debounce.swift */ = {isa = PBXFileReference; fileEncoding = 4; lastKnownFileType = sourcecode.swift; path = Debounce.swift; sourceTree = "<group>"; };
		BA38357A2A84B443003F0FBB /* Define.swift */ = {isa = PBXFileReference; fileEncoding = 4; lastKnownFileType = sourcecode.swift; path = Define.swift; sourceTree = "<group>"; };
		BA38357B2A84B443003F0FBB /* Async.swift */ = {isa = PBXFileReference; fileEncoding = 4; lastKnownFileType = sourcecode.swift; path = Async.swift; sourceTree = "<group>"; };
		BA38357C2A84B443003F0FBB /* BaseTableView.swift */ = {isa = PBXFileReference; fileEncoding = 4; lastKnownFileType = sourcecode.swift; path = BaseTableView.swift; sourceTree = "<group>"; };
		BA38357E2A84B443003F0FBB /* Style.swift */ = {isa = PBXFileReference; fileEncoding = 4; lastKnownFileType = sourcecode.swift; path = Style.swift; sourceTree = "<group>"; };
		BA3835802A84B443003F0FBB /* EventBus.swift */ = {isa = PBXFileReference; fileEncoding = 4; lastKnownFileType = sourcecode.swift; path = EventBus.swift; sourceTree = "<group>"; };
		BA3835812A84B443003F0FBB /* BaseView.swift */ = {isa = PBXFileReference; fileEncoding = 4; lastKnownFileType = sourcecode.swift; path = BaseView.swift; sourceTree = "<group>"; };
		BA3835822A84B443003F0FBB /* ImageTextView.swift */ = {isa = PBXFileReference; fileEncoding = 4; lastKnownFileType = sourcecode.swift; path = ImageTextView.swift; sourceTree = "<group>"; };
		BA38359C2A84BC6E003F0FBB /* TRGeneralDefine.swift */ = {isa = PBXFileReference; fileEncoding = 4; lastKnownFileType = sourcecode.swift; path = TRGeneralDefine.swift; sourceTree = "<group>"; };
		BA38359D2A84BC6E003F0FBB /* UIDevice+Info.swift */ = {isa = PBXFileReference; fileEncoding = 4; lastKnownFileType = sourcecode.swift; path = "UIDevice+Info.swift"; sourceTree = "<group>"; };
		BA38359E2A84BC6E003F0FBB /* UserDefault.swift */ = {isa = PBXFileReference; fileEncoding = 4; lastKnownFileType = sourcecode.swift; path = UserDefault.swift; sourceTree = "<group>"; };
		BA38359F2A84BC6E003F0FBB /* UITableViewCell+Ext.swift */ = {isa = PBXFileReference; fileEncoding = 4; lastKnownFileType = sourcecode.swift; path = "UITableViewCell+Ext.swift"; sourceTree = "<group>"; };
		BA3835A02A84BC6E003F0FBB /* Corner.swift */ = {isa = PBXFileReference; fileEncoding = 4; lastKnownFileType = sourcecode.swift; path = Corner.swift; sourceTree = "<group>"; };
		BA3835A12A84BC6E003F0FBB /* TRThirdAccount.swift */ = {isa = PBXFileReference; fileEncoding = 4; lastKnownFileType = sourcecode.swift; path = TRThirdAccount.swift; sourceTree = "<group>"; };
		BA3835A22A84BC6E003F0FBB /* ThirdSDK.swift */ = {isa = PBXFileReference; fileEncoding = 4; lastKnownFileType = sourcecode.swift; path = ThirdSDK.swift; sourceTree = "<group>"; };
		BA3835A32A84BC6E003F0FBB /* UIView+Extension.swift */ = {isa = PBXFileReference; fileEncoding = 4; lastKnownFileType = sourcecode.swift; path = "UIView+Extension.swift"; sourceTree = "<group>"; };
		BA3835A42A84BC6E003F0FBB /* Common.swift */ = {isa = PBXFileReference; fileEncoding = 4; lastKnownFileType = sourcecode.swift; path = Common.swift; sourceTree = "<group>"; };
		BA3835A52A84BC6E003F0FBB /* String+Extension.swift */ = {isa = PBXFileReference; fileEncoding = 4; lastKnownFileType = sourcecode.swift; path = "String+Extension.swift"; sourceTree = "<group>"; };
		BA3835A82A84BC6E003F0FBB /* TRAlert.swift */ = {isa = PBXFileReference; fileEncoding = 4; lastKnownFileType = sourcecode.swift; path = TRAlert.swift; sourceTree = "<group>"; };
		BA3835A92A84BC6E003F0FBB /* TRPhotoUtils.swift */ = {isa = PBXFileReference; fileEncoding = 4; lastKnownFileType = sourcecode.swift; path = TRPhotoUtils.swift; sourceTree = "<group>"; };
		BA3835AA2A84BC6E003F0FBB /* TRToast.swift */ = {isa = PBXFileReference; fileEncoding = 4; lastKnownFileType = sourcecode.swift; path = TRToast.swift; sourceTree = "<group>"; };
		BA3835AB2A84BC6E003F0FBB /* Button+Extension.swift */ = {isa = PBXFileReference; fileEncoding = 4; lastKnownFileType = sourcecode.swift; path = "Button+Extension.swift"; sourceTree = "<group>"; };
		BA3835AC2A84BC6E003F0FBB /* TipsView.swift */ = {isa = PBXFileReference; fileEncoding = 4; lastKnownFileType = sourcecode.swift; path = TipsView.swift; sourceTree = "<group>"; };
		BA3835AD2A84BC6E003F0FBB /* ConstraintArrayDSL.swift */ = {isa = PBXFileReference; fileEncoding = 4; lastKnownFileType = sourcecode.swift; path = ConstraintArrayDSL.swift; sourceTree = "<group>"; };
		BA3835AE2A84BC6E003F0FBB /* StringUtil.swift */ = {isa = PBXFileReference; fileEncoding = 4; lastKnownFileType = sourcecode.swift; path = StringUtil.swift; sourceTree = "<group>"; };
		BA3835AF2A84BC6E003F0FBB /* Collection+Extensions.swift */ = {isa = PBXFileReference; fileEncoding = 4; lastKnownFileType = sourcecode.swift; path = "Collection+Extensions.swift"; sourceTree = "<group>"; };
		BA3835B02A84BC6E003F0FBB /* TRUIDefine.swift */ = {isa = PBXFileReference; fileEncoding = 4; lastKnownFileType = sourcecode.swift; path = TRUIDefine.swift; sourceTree = "<group>"; };
		BA3835C52A84D2F1003F0FBB /* AccountViewController.swift */ = {isa = PBXFileReference; lastKnownFileType = sourcecode.swift; path = AccountViewController.swift; sourceTree = "<group>"; };
		BA3835C72A84D5B4003F0FBB /* AddWalletViewController.swift */ = {isa = PBXFileReference; lastKnownFileType = sourcecode.swift; path = AddWalletViewController.swift; sourceTree = "<group>"; };
		BA39515F2A77CAC3008B7EF9 /* WebAuthn.app */ = {isa = PBXFileReference; explicitFileType = wrapper.application; includeInIndex = 0; path = WebAuthn.app; sourceTree = BUILT_PRODUCTS_DIR; };
		BA3951622A77CAC3008B7EF9 /* AppDelegate.swift */ = {isa = PBXFileReference; lastKnownFileType = sourcecode.swift; path = AppDelegate.swift; sourceTree = "<group>"; };
		BA3951662A77CAC3008B7EF9 /* ViewController.swift */ = {isa = PBXFileReference; lastKnownFileType = sourcecode.swift; path = ViewController.swift; sourceTree = "<group>"; };
		BA3951692A77CAC3008B7EF9 /* Base */ = {isa = PBXFileReference; lastKnownFileType = file.storyboard; name = Base; path = Base.lproj/Main.storyboard; sourceTree = "<group>"; };
		BA39516B2A77CAC3008B7EF9 /* Assets.xcassets */ = {isa = PBXFileReference; lastKnownFileType = folder.assetcatalog; path = Assets.xcassets; sourceTree = "<group>"; };
		BA39516E2A77CAC3008B7EF9 /* Base */ = {isa = PBXFileReference; lastKnownFileType = file.storyboard; name = Base; path = Base.lproj/LaunchScreen.storyboard; sourceTree = "<group>"; };
		BA3951702A77CAC3008B7EF9 /* Info.plist */ = {isa = PBXFileReference; lastKnownFileType = text.plist.xml; path = Info.plist; sourceTree = "<group>"; };
		BA3951762A77CC25008B7EF9 /* DfnsManager.swift */ = {isa = PBXFileReference; fileEncoding = 4; lastKnownFileType = sourcecode.swift; path = DfnsManager.swift; sourceTree = "<group>"; };
		BA91B7792A7A389F0037F56F /* dfns.json */ = {isa = PBXFileReference; fileEncoding = 4; lastKnownFileType = text.json; path = dfns.json; sourceTree = "<group>"; };
		BAE6B41A2A7BB14100FE6A35 /* WebAuthn.entitlements */ = {isa = PBXFileReference; lastKnownFileType = text.plist.entitlements; path = WebAuthn.entitlements; sourceTree = "<group>"; };
		BAE6B41F2A7F8D0B00FE6A35 /* Model.swift */ = {isa = PBXFileReference; lastKnownFileType = sourcecode.swift; path = Model.swift; sourceTree = "<group>"; };
		E12E19A897A73392343DC490 /* Pods-WebAuthn.debug.xcconfig */ = {isa = PBXFileReference; includeInIndex = 1; lastKnownFileType = text.xcconfig; name = "Pods-WebAuthn.debug.xcconfig"; path = "Target Support Files/Pods-WebAuthn/Pods-WebAuthn.debug.xcconfig"; sourceTree = "<group>"; };
/* End PBXFileReference section */

/* Begin PBXFrameworksBuildPhase section */
		BA39515C2A77CAC3008B7EF9 /* Frameworks */ = {
			isa = PBXFrameworksBuildPhase;
			buildActionMask = 2147483647;
			files = (
				14714C9643D9D886B4D54EB4 /* Pods_WebAuthn.framework in Frameworks */,
				BAE6B4172A7A75E600FE6A35 /* Crypto in Frameworks */,
			);
			runOnlyForDeploymentPostprocessing = 0;
		};
/* End PBXFrameworksBuildPhase section */

/* Begin PBXGroup section */
		57E2CBEDA499CD0EC4135D5E /* Pods */ = {
			isa = PBXGroup;
			children = (
				E12E19A897A73392343DC490 /* Pods-WebAuthn.debug.xcconfig */,
				8D181A3E5E7805961CDE9349 /* Pods-WebAuthn.release.xcconfig */,
			);
			path = Pods;
			sourceTree = "<group>";
		};
		84CD377167CCFF8095249B26 /* Frameworks */ = {
			isa = PBXGroup;
			children = (
				A632D28360864B20C5F819B7 /* Pods_WebAuthn.framework */,
			);
			name = Frameworks;
			sourceTree = "<group>";
		};
		BA3835672A84B443003F0FBB /* Common */ = {
			isa = PBXGroup;
			children = (
				BA38356D2A84B443003F0FBB /* TRGradientProgressView.swift */,
			);
			path = Common;
			sourceTree = "<group>";
		};
		BA38356E2A84B443003F0FBB /* Base */ = {
			isa = PBXGroup;
			children = (
				BA38356F2A84B443003F0FBB /* BaseCollectionView.swift */,
				BA3835702A84B443003F0FBB /* BaseViewController.swift */,
				BA3835712A84B443003F0FBB /* NormalTableView.swift */,
				BA3835722A84B443003F0FBB /* BaseTableViewCell.swift */,
				BA3835732A84B443003F0FBB /* BaseTableViewController.swift */,
				BA3835742A84B443003F0FBB /* BaseCollectionViewCell.swift */,
				BA3835752A84B443003F0FBB /* DisposeTag.swift */,
				BA3835762A84B443003F0FBB /* Extension.swift */,
				BA3835772A84B443003F0FBB /* PaddingLabel.swift */,
				BA3835782A84B443003F0FBB /* GGNavigationBar.swift */,
				BA3835792A84B443003F0FBB /* Debounce.swift */,
				BA38357A2A84B443003F0FBB /* Define.swift */,
				BA38357B2A84B443003F0FBB /* Async.swift */,
				BA38357C2A84B443003F0FBB /* BaseTableView.swift */,
				BA38357E2A84B443003F0FBB /* Style.swift */,
				BA3835802A84B443003F0FBB /* EventBus.swift */,
				BA3835812A84B443003F0FBB /* BaseView.swift */,
				BA3835822A84B443003F0FBB /* ImageTextView.swift */,
			);
			path = Base;
			sourceTree = "<group>";
		};
		BA38359B2A84BC6E003F0FBB /* Util */ = {
			isa = PBXGroup;
			children = (
				BA38359C2A84BC6E003F0FBB /* TRGeneralDefine.swift */,
				BA38359D2A84BC6E003F0FBB /* UIDevice+Info.swift */,
				BA38359E2A84BC6E003F0FBB /* UserDefault.swift */,
				BA38359F2A84BC6E003F0FBB /* UITableViewCell+Ext.swift */,
				BA3835A02A84BC6E003F0FBB /* Corner.swift */,
				BA3835A12A84BC6E003F0FBB /* TRThirdAccount.swift */,
				BA3835A22A84BC6E003F0FBB /* ThirdSDK.swift */,
				BA3835A32A84BC6E003F0FBB /* UIView+Extension.swift */,
				BA3835A42A84BC6E003F0FBB /* Common.swift */,
				BA3835A52A84BC6E003F0FBB /* String+Extension.swift */,
				BA3835A72A84BC6E003F0FBB /* View */,
				BA3835AB2A84BC6E003F0FBB /* Button+Extension.swift */,
				BA3835AC2A84BC6E003F0FBB /* TipsView.swift */,
				BA3835AD2A84BC6E003F0FBB /* ConstraintArrayDSL.swift */,
				BA3835AE2A84BC6E003F0FBB /* StringUtil.swift */,
				BA3835AF2A84BC6E003F0FBB /* Collection+Extensions.swift */,
				BA3835B02A84BC6E003F0FBB /* TRUIDefine.swift */,
			);
			path = Util;
			sourceTree = "<group>";
		};
		BA3835A72A84BC6E003F0FBB /* View */ = {
			isa = PBXGroup;
			children = (
				BA3835A82A84BC6E003F0FBB /* TRAlert.swift */,
				BA3835A92A84BC6E003F0FBB /* TRPhotoUtils.swift */,
				BA3835AA2A84BC6E003F0FBB /* TRToast.swift */,
			);
			path = View;
			sourceTree = "<group>";
		};
		BA3951562A77CAC3008B7EF9 = {
			isa = PBXGroup;
			children = (
				BA3951612A77CAC3008B7EF9 /* WebAuthn */,
				BA3951602A77CAC3008B7EF9 /* Products */,
				57E2CBEDA499CD0EC4135D5E /* Pods */,
				84CD377167CCFF8095249B26 /* Frameworks */,
			);
			sourceTree = "<group>";
		};
		BA3951602A77CAC3008B7EF9 /* Products */ = {
			isa = PBXGroup;
			children = (
				BA39515F2A77CAC3008B7EF9 /* WebAuthn.app */,
			);
			name = Products;
			sourceTree = "<group>";
		};
		BA3951612A77CAC3008B7EF9 /* WebAuthn */ = {
			isa = PBXGroup;
			children = (
				BA38359B2A84BC6E003F0FBB /* Util */,
				BA38356E2A84B443003F0FBB /* Base */,
				BA3835672A84B443003F0FBB /* Common */,
				BAE6B41A2A7BB14100FE6A35 /* WebAuthn.entitlements */,
				BA3951622A77CAC3008B7EF9 /* AppDelegate.swift */,
				BA3951662A77CAC3008B7EF9 /* ViewController.swift */,
				BA3835652A84B282003F0FBB /* RegisterAccountViewController.swift */,
				BA3835C52A84D2F1003F0FBB /* AccountViewController.swift */,
				BA3835C72A84D5B4003F0FBB /* AddWalletViewController.swift */,
				BA3951762A77CC25008B7EF9 /* DfnsManager.swift */,
				BAE6B41F2A7F8D0B00FE6A35 /* Model.swift */,
				BA91B7792A7A389F0037F56F /* dfns.json */,
				BA3951682A77CAC3008B7EF9 /* Main.storyboard */,
				BA39516B2A77CAC3008B7EF9 /* Assets.xcassets */,
				BA39516D2A77CAC3008B7EF9 /* LaunchScreen.storyboard */,
				BA3951702A77CAC3008B7EF9 /* Info.plist */,
			);
			path = WebAuthn;
			sourceTree = "<group>";
		};
/* End PBXGroup section */

/* Begin PBXNativeTarget section */
		BA39515E2A77CAC3008B7EF9 /* WebAuthn */ = {
			isa = PBXNativeTarget;
			buildConfigurationList = BA3951732A77CAC3008B7EF9 /* Build configuration list for PBXNativeTarget "WebAuthn" */;
			buildPhases = (
				6C36A4CD65E2BB6F246D1D29 /* [CP] Check Pods Manifest.lock */,
				BA39515B2A77CAC3008B7EF9 /* Sources */,
				BA39515C2A77CAC3008B7EF9 /* Frameworks */,
				BA39515D2A77CAC3008B7EF9 /* Resources */,
				1043DE535C8D8CCBFBAF89F4 /* [CP] Embed Pods Frameworks */,
			);
			buildRules = (
			);
			dependencies = (
			);
			name = WebAuthn;
			packageProductDependencies = (
				BAE6B4162A7A75E600FE6A35 /* Crypto */,
			);
			productName = WebAuthn;
			productReference = BA39515F2A77CAC3008B7EF9 /* WebAuthn.app */;
			productType = "com.apple.product-type.application";
		};
/* End PBXNativeTarget section */

/* Begin PBXProject section */
		BA3951572A77CAC3008B7EF9 /* Project object */ = {
			isa = PBXProject;
			attributes = {
				BuildIndependentTargetsInParallel = 1;
				LastSwiftUpdateCheck = 1430;
				LastUpgradeCheck = 1430;
				TargetAttributes = {
					BA39515E2A77CAC3008B7EF9 = {
						CreatedOnToolsVersion = 14.3;
					};
				};
			};
			buildConfigurationList = BA39515A2A77CAC3008B7EF9 /* Build configuration list for PBXProject "WebAuthn" */;
			compatibilityVersion = "Xcode 13.0";
			developmentRegion = en;
			hasScannedForEncodings = 0;
			knownRegions = (
				en,
				Base,
			);
			mainGroup = BA3951562A77CAC3008B7EF9;
			packageReferences = (
				BAE6B4152A7A75E600FE6A35 /* XCRemoteSwiftPackageReference "swift-crypto" */,
			);
			productRefGroup = BA3951602A77CAC3008B7EF9 /* Products */;
			projectDirPath = "";
			projectRoot = "";
			targets = (
				BA39515E2A77CAC3008B7EF9 /* WebAuthn */,
			);
		};
/* End PBXProject section */

/* Begin PBXResourcesBuildPhase section */
		BA39515D2A77CAC3008B7EF9 /* Resources */ = {
			isa = PBXResourcesBuildPhase;
			buildActionMask = 2147483647;
			files = (
				BA91B77A2A7A389F0037F56F /* dfns.json in Resources */,
				BA39516F2A77CAC3008B7EF9 /* LaunchScreen.storyboard in Resources */,
				BA39516C2A77CAC3008B7EF9 /* Assets.xcassets in Resources */,
				BA39516A2A77CAC3008B7EF9 /* Main.storyboard in Resources */,
			);
			runOnlyForDeploymentPostprocessing = 0;
		};
/* End PBXResourcesBuildPhase section */

/* Begin PBXShellScriptBuildPhase section */
		1043DE535C8D8CCBFBAF89F4 /* [CP] Embed Pods Frameworks */ = {
			isa = PBXShellScriptBuildPhase;
			buildActionMask = 2147483647;
			files = (
			);
			inputFileListPaths = (
				"${PODS_ROOT}/Target Support Files/Pods-WebAuthn/Pods-WebAuthn-frameworks-${CONFIGURATION}-input-files.xcfilelist",
			);
			name = "[CP] Embed Pods Frameworks";
			outputFileListPaths = (
				"${PODS_ROOT}/Target Support Files/Pods-WebAuthn/Pods-WebAuthn-frameworks-${CONFIGURATION}-output-files.xcfilelist",
			);
			runOnlyForDeploymentPostprocessing = 0;
			shellPath = /bin/sh;
			shellScript = "\"${PODS_ROOT}/Target Support Files/Pods-WebAuthn/Pods-WebAuthn-frameworks.sh\"\n";
			showEnvVarsInLog = 0;
		};
		6C36A4CD65E2BB6F246D1D29 /* [CP] Check Pods Manifest.lock */ = {
			isa = PBXShellScriptBuildPhase;
			buildActionMask = 2147483647;
			files = (
			);
			inputFileListPaths = (
			);
			inputPaths = (
				"${PODS_PODFILE_DIR_PATH}/Podfile.lock",
				"${PODS_ROOT}/Manifest.lock",
			);
			name = "[CP] Check Pods Manifest.lock";
			outputFileListPaths = (
			);
			outputPaths = (
				"$(DERIVED_FILE_DIR)/Pods-WebAuthn-checkManifestLockResult.txt",
			);
			runOnlyForDeploymentPostprocessing = 0;
			shellPath = /bin/sh;
			shellScript = "diff \"${PODS_PODFILE_DIR_PATH}/Podfile.lock\" \"${PODS_ROOT}/Manifest.lock\" > /dev/null\nif [ $? != 0 ] ; then\n    # print error to STDERR\n    echo \"error: The sandbox is not in sync with the Podfile.lock. Run 'pod install' or update your CocoaPods installation.\" >&2\n    exit 1\nfi\n# This output is used by Xcode 'outputs' to avoid re-running this script phase.\necho \"SUCCESS\" > \"${SCRIPT_OUTPUT_FILE_0}\"\n";
			showEnvVarsInLog = 0;
		};
/* End PBXShellScriptBuildPhase section */

/* Begin PBXSourcesBuildPhase section */
		BA39515B2A77CAC3008B7EF9 /* Sources */ = {
			isa = PBXSourcesBuildPhase;
			buildActionMask = 2147483647;
			files = (
				BA3835BD2A84BC6E003F0FBB /* TRPhotoUtils.swift in Sources */,
				BA3835902A84B443003F0FBB /* GGNavigationBar.swift in Sources */,
				BA3835C22A84BC6E003F0FBB /* StringUtil.swift in Sources */,
				BA3835932A84B443003F0FBB /* Async.swift in Sources */,
				BA3835662A84B282003F0FBB /* RegisterAccountViewController.swift in Sources */,
				BA3835962A84B443003F0FBB /* Style.swift in Sources */,
				BA3835B92A84BC6E003F0FBB /* Common.swift in Sources */,
				BA3835882A84B443003F0FBB /* BaseViewController.swift in Sources */,
				BA3835942A84B443003F0FBB /* BaseTableView.swift in Sources */,
				BA3835892A84B443003F0FBB /* NormalTableView.swift in Sources */,
				BA3835C62A84D2F1003F0FBB /* AccountViewController.swift in Sources */,
				BA3835BA2A84BC6E003F0FBB /* String+Extension.swift in Sources */,
				BA3835B12A84BC6E003F0FBB /* TRGeneralDefine.swift in Sources */,
				BA38358C2A84B443003F0FBB /* BaseCollectionViewCell.swift in Sources */,
				BA3835992A84B443003F0FBB /* BaseView.swift in Sources */,
				BA3835C42A84BC6E003F0FBB /* TRUIDefine.swift in Sources */,
				BA38358F2A84B443003F0FBB /* PaddingLabel.swift in Sources */,
				BA3835B62A84BC6E003F0FBB /* TRThirdAccount.swift in Sources */,
				BA3951672A77CAC3008B7EF9 /* ViewController.swift in Sources */,
				BA3835B72A84BC6E003F0FBB /* ThirdSDK.swift in Sources */,
				BA3835982A84B443003F0FBB /* EventBus.swift in Sources */,
				BA38359A2A84B443003F0FBB /* ImageTextView.swift in Sources */,
				BA3835BE2A84BC6E003F0FBB /* TRToast.swift in Sources */,
				BA3835C32A84BC6E003F0FBB /* Collection+Extensions.swift in Sources */,
				BA3835C02A84BC6E003F0FBB /* TipsView.swift in Sources */,
				BA3835C12A84BC6E003F0FBB /* ConstraintArrayDSL.swift in Sources */,
				BA3951632A77CAC3008B7EF9 /* AppDelegate.swift in Sources */,
				BA3835B22A84BC6E003F0FBB /* UIDevice+Info.swift in Sources */,
				BA3835B82A84BC6E003F0FBB /* UIView+Extension.swift in Sources */,
				BA3951772A77CC25008B7EF9 /* DfnsManager.swift in Sources */,
				BA3835B52A84BC6E003F0FBB /* Corner.swift in Sources */,
				BA38358E2A84B443003F0FBB /* Extension.swift in Sources */,
				BA3835922A84B443003F0FBB /* Define.swift in Sources */,
				BA3835862A84B443003F0FBB /* TRGradientProgressView.swift in Sources */,
				BA3835912A84B443003F0FBB /* Debounce.swift in Sources */,
				BA3835B42A84BC6E003F0FBB /* UITableViewCell+Ext.swift in Sources */,
				BA38358B2A84B443003F0FBB /* BaseTableViewController.swift in Sources */,
				BAE6B4202A7F8D0B00FE6A35 /* Model.swift in Sources */,
				BA3835BF2A84BC6E003F0FBB /* Button+Extension.swift in Sources */,
				BA3835B32A84BC6E003F0FBB /* UserDefault.swift in Sources */,
				BA3835C82A84D5B4003F0FBB /* AddWalletViewController.swift in Sources */,
				BA38358A2A84B443003F0FBB /* BaseTableViewCell.swift in Sources */,
				BA38358D2A84B443003F0FBB /* DisposeTag.swift in Sources */,
				BA3835872A84B443003F0FBB /* BaseCollectionView.swift in Sources */,
				BA3835BC2A84BC6E003F0FBB /* TRAlert.swift in Sources */,
			);
			runOnlyForDeploymentPostprocessing = 0;
		};
/* End PBXSourcesBuildPhase section */

/* Begin PBXVariantGroup section */
		BA3951682A77CAC3008B7EF9 /* Main.storyboard */ = {
			isa = PBXVariantGroup;
			children = (
				BA3951692A77CAC3008B7EF9 /* Base */,
			);
			name = Main.storyboard;
			sourceTree = "<group>";
		};
		BA39516D2A77CAC3008B7EF9 /* LaunchScreen.storyboard */ = {
			isa = PBXVariantGroup;
			children = (
				BA39516E2A77CAC3008B7EF9 /* Base */,
			);
			name = LaunchScreen.storyboard;
			sourceTree = "<group>";
		};
/* End PBXVariantGroup section */

/* Begin XCBuildConfiguration section */
		BA3951712A77CAC3008B7EF9 /* Debug */ = {
			isa = XCBuildConfiguration;
			buildSettings = {
				ALWAYS_SEARCH_USER_PATHS = NO;
				CLANG_ANALYZER_NONNULL = YES;
				CLANG_ANALYZER_NUMBER_OBJECT_CONVERSION = YES_AGGRESSIVE;
				CLANG_CXX_LANGUAGE_STANDARD = "gnu++20";
				CLANG_ENABLE_MODULES = YES;
				CLANG_ENABLE_OBJC_ARC = YES;
				CLANG_ENABLE_OBJC_WEAK = YES;
				CLANG_WARN_BLOCK_CAPTURE_AUTORELEASING = YES;
				CLANG_WARN_BOOL_CONVERSION = YES;
				CLANG_WARN_COMMA = YES;
				CLANG_WARN_CONSTANT_CONVERSION = YES;
				CLANG_WARN_DEPRECATED_OBJC_IMPLEMENTATIONS = YES;
				CLANG_WARN_DIRECT_OBJC_ISA_USAGE = YES_ERROR;
				CLANG_WARN_DOCUMENTATION_COMMENTS = YES;
				CLANG_WARN_EMPTY_BODY = YES;
				CLANG_WARN_ENUM_CONVERSION = YES;
				CLANG_WARN_INFINITE_RECURSION = YES;
				CLANG_WARN_INT_CONVERSION = YES;
				CLANG_WARN_NON_LITERAL_NULL_CONVERSION = YES;
				CLANG_WARN_OBJC_IMPLICIT_RETAIN_SELF = YES;
				CLANG_WARN_OBJC_LITERAL_CONVERSION = YES;
				CLANG_WARN_OBJC_ROOT_CLASS = YES_ERROR;
				CLANG_WARN_QUOTED_INCLUDE_IN_FRAMEWORK_HEADER = YES;
				CLANG_WARN_RANGE_LOOP_ANALYSIS = YES;
				CLANG_WARN_STRICT_PROTOTYPES = YES;
				CLANG_WARN_SUSPICIOUS_MOVE = YES;
				CLANG_WARN_UNGUARDED_AVAILABILITY = YES_AGGRESSIVE;
				CLANG_WARN_UNREACHABLE_CODE = YES;
				CLANG_WARN__DUPLICATE_METHOD_MATCH = YES;
				COPY_PHASE_STRIP = NO;
				DEBUG_INFORMATION_FORMAT = dwarf;
				ENABLE_STRICT_OBJC_MSGSEND = YES;
				ENABLE_TESTABILITY = YES;
				"EXCLUDED_ARCHS[sdk=iphonesimulator*]" = arm64;
				GCC_C_LANGUAGE_STANDARD = gnu11;
				GCC_DYNAMIC_NO_PIC = NO;
				GCC_NO_COMMON_BLOCKS = YES;
				GCC_OPTIMIZATION_LEVEL = 0;
				GCC_PREPROCESSOR_DEFINITIONS = (
					"DEBUG=1",
					"$(inherited)",
				);
				GCC_WARN_64_TO_32_BIT_CONVERSION = YES;
				GCC_WARN_ABOUT_RETURN_TYPE = YES_ERROR;
				GCC_WARN_UNDECLARED_SELECTOR = YES;
				GCC_WARN_UNINITIALIZED_AUTOS = YES_AGGRESSIVE;
				GCC_WARN_UNUSED_FUNCTION = YES;
				GCC_WARN_UNUSED_VARIABLE = YES;
				IPHONEOS_DEPLOYMENT_TARGET = 16.4;
				MTL_ENABLE_DEBUG_INFO = INCLUDE_SOURCE;
				MTL_FAST_MATH = YES;
				ONLY_ACTIVE_ARCH = YES;
				SDKROOT = iphoneos;
				SWIFT_ACTIVE_COMPILATION_CONDITIONS = DEBUG;
				SWIFT_OPTIMIZATION_LEVEL = "-Onone";
			};
			name = Debug;
		};
		BA3951722A77CAC3008B7EF9 /* Release */ = {
			isa = XCBuildConfiguration;
			buildSettings = {
				ALWAYS_SEARCH_USER_PATHS = NO;
				CLANG_ANALYZER_NONNULL = YES;
				CLANG_ANALYZER_NUMBER_OBJECT_CONVERSION = YES_AGGRESSIVE;
				CLANG_CXX_LANGUAGE_STANDARD = "gnu++20";
				CLANG_ENABLE_MODULES = YES;
				CLANG_ENABLE_OBJC_ARC = YES;
				CLANG_ENABLE_OBJC_WEAK = YES;
				CLANG_WARN_BLOCK_CAPTURE_AUTORELEASING = YES;
				CLANG_WARN_BOOL_CONVERSION = YES;
				CLANG_WARN_COMMA = YES;
				CLANG_WARN_CONSTANT_CONVERSION = YES;
				CLANG_WARN_DEPRECATED_OBJC_IMPLEMENTATIONS = YES;
				CLANG_WARN_DIRECT_OBJC_ISA_USAGE = YES_ERROR;
				CLANG_WARN_DOCUMENTATION_COMMENTS = YES;
				CLANG_WARN_EMPTY_BODY = YES;
				CLANG_WARN_ENUM_CONVERSION = YES;
				CLANG_WARN_INFINITE_RECURSION = YES;
				CLANG_WARN_INT_CONVERSION = YES;
				CLANG_WARN_NON_LITERAL_NULL_CONVERSION = YES;
				CLANG_WARN_OBJC_IMPLICIT_RETAIN_SELF = YES;
				CLANG_WARN_OBJC_LITERAL_CONVERSION = YES;
				CLANG_WARN_OBJC_ROOT_CLASS = YES_ERROR;
				CLANG_WARN_QUOTED_INCLUDE_IN_FRAMEWORK_HEADER = YES;
				CLANG_WARN_RANGE_LOOP_ANALYSIS = YES;
				CLANG_WARN_STRICT_PROTOTYPES = YES;
				CLANG_WARN_SUSPICIOUS_MOVE = YES;
				CLANG_WARN_UNGUARDED_AVAILABILITY = YES_AGGRESSIVE;
				CLANG_WARN_UNREACHABLE_CODE = YES;
				CLANG_WARN__DUPLICATE_METHOD_MATCH = YES;
				COPY_PHASE_STRIP = NO;
				DEBUG_INFORMATION_FORMAT = "dwarf-with-dsym";
				ENABLE_NS_ASSERTIONS = NO;
				ENABLE_STRICT_OBJC_MSGSEND = YES;
				GCC_C_LANGUAGE_STANDARD = gnu11;
				GCC_NO_COMMON_BLOCKS = YES;
				GCC_WARN_64_TO_32_BIT_CONVERSION = YES;
				GCC_WARN_ABOUT_RETURN_TYPE = YES_ERROR;
				GCC_WARN_UNDECLARED_SELECTOR = YES;
				GCC_WARN_UNINITIALIZED_AUTOS = YES_AGGRESSIVE;
				GCC_WARN_UNUSED_FUNCTION = YES;
				GCC_WARN_UNUSED_VARIABLE = YES;
				IPHONEOS_DEPLOYMENT_TARGET = 16.4;
				MTL_ENABLE_DEBUG_INFO = NO;
				MTL_FAST_MATH = YES;
				SDKROOT = iphoneos;
				SWIFT_COMPILATION_MODE = wholemodule;
				SWIFT_OPTIMIZATION_LEVEL = "-O";
				VALIDATE_PRODUCT = YES;
			};
			name = Release;
		};
		BA3951742A77CAC3008B7EF9 /* Debug */ = {
			isa = XCBuildConfiguration;
			baseConfigurationReference = E12E19A897A73392343DC490 /* Pods-WebAuthn.debug.xcconfig */;
			buildSettings = {
				ASSETCATALOG_COMPILER_APPICON_NAME = AppIcon;
				ASSETCATALOG_COMPILER_GLOBAL_ACCENT_COLOR_NAME = AccentColor;
				CODE_SIGN_ENTITLEMENTS = WebAuthn/WebAuthn.entitlements;
				CODE_SIGN_IDENTITY = "Apple Development";
				CODE_SIGN_STYLE = Automatic;
				CURRENT_PROJECT_VERSION = 1;
				DEVELOPMENT_TEAM = 9XX98238M5;
				GENERATE_INFOPLIST_FILE = YES;
				INFOPLIST_FILE = WebAuthn/Info.plist;
				INFOPLIST_KEY_UIApplicationSupportsIndirectInputEvents = YES;
				INFOPLIST_KEY_UILaunchStoryboardName = LaunchScreen.storyboard;
				INFOPLIST_KEY_UIMainStoryboardFile = Main;
				INFOPLIST_KEY_UISupportedInterfaceOrientations_iPad = "UIInterfaceOrientationPortrait UIInterfaceOrientationPortraitUpsideDown UIInterfaceOrientationLandscapeLeft UIInterfaceOrientationLandscapeRight";
				INFOPLIST_KEY_UISupportedInterfaceOrientations_iPhone = "UIInterfaceOrientationPortrait UIInterfaceOrientationLandscapeLeft UIInterfaceOrientationLandscapeRight";
				IPHONEOS_DEPLOYMENT_TARGET = 16.0;
				LD_RUNPATH_SEARCH_PATHS = (
					"$(inherited)",
					"@executable_path/Frameworks",
				);
				MARKETING_VERSION = 1.0;
				PRODUCT_BUNDLE_IDENTIFIER = com.jlabs.webAuthn;
				PRODUCT_NAME = "$(TARGET_NAME)";
				PROVISIONING_PROFILE_SPECIFIER = "";
				SUPPORTED_PLATFORMS = "iphoneos iphonesimulator";
				SUPPORTS_MACCATALYST = NO;
				SUPPORTS_MAC_DESIGNED_FOR_IPHONE_IPAD = YES;
				SWIFT_EMIT_LOC_STRINGS = YES;
				SWIFT_VERSION = 5.0;
				TARGETED_DEVICE_FAMILY = 1;
			};
			name = Debug;
		};
		BA3951752A77CAC3008B7EF9 /* Release */ = {
			isa = XCBuildConfiguration;
			baseConfigurationReference = 8D181A3E5E7805961CDE9349 /* Pods-WebAuthn.release.xcconfig */;
			buildSettings = {
				ASSETCATALOG_COMPILER_APPICON_NAME = AppIcon;
				ASSETCATALOG_COMPILER_GLOBAL_ACCENT_COLOR_NAME = AccentColor;
				CODE_SIGN_ENTITLEMENTS = WebAuthn/WebAuthn.entitlements;
				CODE_SIGN_IDENTITY = "Apple Development";
				CODE_SIGN_STYLE = Automatic;
				CURRENT_PROJECT_VERSION = 1;
				DEVELOPMENT_TEAM = 9XX98238M5;
				GENERATE_INFOPLIST_FILE = YES;
				INFOPLIST_FILE = WebAuthn/Info.plist;
				INFOPLIST_KEY_UIApplicationSupportsIndirectInputEvents = YES;
				INFOPLIST_KEY_UILaunchStoryboardName = LaunchScreen.storyboard;
				INFOPLIST_KEY_UIMainStoryboardFile = Main;
				INFOPLIST_KEY_UISupportedInterfaceOrientations_iPad = "UIInterfaceOrientationPortrait UIInterfaceOrientationPortraitUpsideDown UIInterfaceOrientationLandscapeLeft UIInterfaceOrientationLandscapeRight";
				INFOPLIST_KEY_UISupportedInterfaceOrientations_iPhone = "UIInterfaceOrientationPortrait UIInterfaceOrientationLandscapeLeft UIInterfaceOrientationLandscapeRight";
				IPHONEOS_DEPLOYMENT_TARGET = 16.0;
				LD_RUNPATH_SEARCH_PATHS = (
					"$(inherited)",
					"@executable_path/Frameworks",
				);
				MARKETING_VERSION = 1.0;
				PRODUCT_BUNDLE_IDENTIFIER = com.jlabs.webAuthn;
				PRODUCT_NAME = "$(TARGET_NAME)";
				PROVISIONING_PROFILE_SPECIFIER = "";
				SUPPORTED_PLATFORMS = "iphoneos iphonesimulator";
				SUPPORTS_MACCATALYST = NO;
				SUPPORTS_MAC_DESIGNED_FOR_IPHONE_IPAD = YES;
				SWIFT_EMIT_LOC_STRINGS = YES;
				SWIFT_VERSION = 5.0;
				TARGETED_DEVICE_FAMILY = 1;
			};
			name = Release;
		};
/* End XCBuildConfiguration section */

/* Begin XCConfigurationList section */
		BA39515A2A77CAC3008B7EF9 /* Build configuration list for PBXProject "WebAuthn" */ = {
			isa = XCConfigurationList;
			buildConfigurations = (
				BA3951712A77CAC3008B7EF9 /* Debug */,
				BA3951722A77CAC3008B7EF9 /* Release */,
			);
			defaultConfigurationIsVisible = 0;
			defaultConfigurationName = Release;
		};
		BA3951732A77CAC3008B7EF9 /* Build configuration list for PBXNativeTarget "WebAuthn" */ = {
			isa = XCConfigurationList;
			buildConfigurations = (
				BA3951742A77CAC3008B7EF9 /* Debug */,
				BA3951752A77CAC3008B7EF9 /* Release */,
			);
			defaultConfigurationIsVisible = 0;
			defaultConfigurationName = Release;
		};
/* End XCConfigurationList section */

/* Begin XCRemoteSwiftPackageReference section */
		BAE6B4152A7A75E600FE6A35 /* XCRemoteSwiftPackageReference "swift-crypto" */ = {
			isa = XCRemoteSwiftPackageReference;
			repositoryURL = "https://github.com/apple/swift-crypto.git";
			requirement = {
				kind = upToNextMajorVersion;
				minimumVersion = 2.0.0;
			};
		};
/* End XCRemoteSwiftPackageReference section */

/* Begin XCSwiftPackageProductDependency section */
		BAE6B4162A7A75E600FE6A35 /* Crypto */ = {
			isa = XCSwiftPackageProductDependency;
			package = BAE6B4152A7A75E600FE6A35 /* XCRemoteSwiftPackageReference "swift-crypto" */;
			productName = Crypto;
		};
/* End XCSwiftPackageProductDependency section */
	};
	rootObject = BA3951572A77CAC3008B7EF9 /* Project object */;
}
